github.com/dgrijalva/jwt-go v3.2.0+incompatible h1:7qlOGliEKZXTDg6OTjfoBKDXWrumCAMpl/TFQ4/5kLM=
github.com/dgrijalva/jwt-go v3.2.0+incompatible/go.mod h1:E3ru+11k8xSBh+hMPgOLZmtrrCbhqsmaPHjLKYnJCaQ=
github.com/mattn/go-sqlite3 v1.14.6 h1:dNPt6NO46WmLVt2DLNpwczCmdV5boIZ6g/tlDrlRUbg=
github.com/mattn/go-sqlite3 v1.14.6/go.mod h1:NyWgC/yNuGj7Q9rpYnZvas74GogHl5/Z4A/KQRfk6bU=
github.com/paulfdunn/db v1.0.0 h1:HL5H1958LudoLjRavbo05KgH802iFI2+tYUigpgW2nE=
github.com/paulfdunn/db v1.0.0/go.mod h1:EdX8YG8qLkq2E+ZqRVmqkZKlb31nbl65JkKSFVIfwDE=
github.com/paulfdunn/db v1.0.1 h1:25x75Y6u8KcL67R/fY+LpO7k9Wbv0bMnoOs44TvHQas=
github.com/paulfdunn/db v1.0.1/go.mod h1:tGJpYuVpV8yg7kSWjVX0xv2rRyeRBNReTjZASWffaqs=
github.com/paulfdunn/logh v1.0.0 h1:e18++q3hFn8oe/1XlSWCHOYKYEligF/ErblkkzFeet4=
github.com/paulfdunn/logh v1.0.0/go.mod h1:ssWlcOLLlVWXG4AY+1oB/0MOVdahgfVibvia7s6uwzc=
github.com/paulfdunn/neth v1.0.2 h1:eOJCYySGNjzLCVrCrr6UjasRiG2H2D3CM64+L/r9J+k=
github.com/paulfdunn/neth v1.0.2/go.mod h1:VeUymD7z05Xxdj7FOmhODrZCdKK1UQyLv6LoGV2QVdY=
github.com/paulfdunn/osh v0.1.1/go.mod h1:kIH+neymml6oX08vwas5j1ICEQ/LjGwTsaZfUXuKUmA=
github.com/paulfdunn/osh v1.0.1 h1:xYgzCoNZ5w7NFHfUPqa1NdbY2xRIIJfE6J3wU+Z8VKg=
github.com/paulfdunn/osh v1.0.1/go.mod h1:Gu6IPaZE07zvrgz9buiMCXXQFDslixybAZH6FtnVp1c=
golang.org/x/crypto v0.0.0-20210415154028-4f45737414dc h1:+q90ECDSAQirdykUN6sPEiBXBsp8Csjcca8Oy7bgLTA=
golang.org/x/crypto v0.0.0-20210415154028-4f45737414dc/go.mod h1:T9bdIzuCu7OtxOm1hfPfRQxPLYneinmdGuTeoZ9dtd4=
golang.org/x/net v0.0.0-20210226172049-e18ecbb05110/go.mod h1:m0MpNAwzfU5UDzcl9v0D8zg8gWTRqZa9RBIspLL5mdg=
golang.org/x/sys v0.0.0-20201119102817-f84b799fce68/go.mod h1:h1NjWce9XRLGQEsW7wpKNCjG9DtNlClVuFLEZdDNbEs=
golang.org/x/term v0.0.0-20201126162022-7de9c90e9dd1/go.mod h1:bj7SfCRtBDWHUb9snDiAeCFNEtKQo2Wmx5Cou7ajbmo=
golang.org/x/text v0.3.3/go.mod h1:5Zoc/QRtKVWzQhOtBMvqHzDpF6irO9z98xDceosuGiQ=
golang.org/x/tools v0.0.0-20180917221912-90fa682c2a6e/go.mod h1:n7NCudcB/nEzxVGmLbDWY5pfWTLqBcC2KZ6jyYvM4mQ=
