github.com/dgrijalva/jwt-go v3.2.0+incompatible h1:7qlOGliEKZXTDg6OTjfoBKDXWrumCAMpl/TFQ4/5kLM=
github.com/dgrijalva/jwt-go v3.2.0+incompatible/go.mod h1:E3ru+11k8xSBh+hMPgOLZmtrrCbhqsmaPHjLKYnJCaQ=
github.com/mattn/go-sqlite3 v1.14.6 h1:dNPt6NO46WmLVt2DLNpwczCmdV5boIZ6g/tlDrlRUbg=
github.com/mattn/go-sqlite3 v1.14.6/go.mod h1:NyWgC/yNuGj7Q9rpYnZvas74GogHl5/Z4A/KQRfk6bU=
github.com/paulfdunn/db v0.0.3 h1:gO0Jb4yur3vye7U3FudwPOr/zjsbnbh7Z0Q+Zsq08B8=
github.com/paulfdunn/db v0.0.3/go.mod h1:cU7XiD0vlSdl73Ihnu38ZHZcmsGepPBiFDlvttP6a5A=
github.com/paulfdunn/logh v0.2.5 h1:LDTuQBP8YWPMqCcXncjMP8DLUAojk+yRehshiEWceJc=
github.com/paulfdunn/logh v0.2.5/go.mod h1:ssWlcOLLlVWXG4AY+1oB/0MOVdahgfVibvia7s6uwzc=
github.com/paulfdunn/neth v0.0.1 h1:R8ARug+64Dm6pEjiGCE7uq8elnV5I39dv20E4wYcgJI=
github.com/paulfdunn/neth v0.0.1/go.mod h1:WHeNP7+5PI8vPNxji0/KdlyhPDQ8nS9jUobPV0QMFLs=
github.com/paulfdunn/osh v0.0.1 h1:39/dB9t+2TOkPA7j2Jk8ZmGawDCirCZ3/rM91aOKyRE=
github.com/paulfdunn/osh v0.0.1/go.mod h1:kIH+neymml6oX08vwas5j1ICEQ/LjGwTsaZfUXuKUmA=
golang.org/x/crypto v0.0.0-20210322153248-0c34fe9e7dc2 h1:It14KIkyBFYkHkwZ7k45minvA9aorojkyjGk9KJ5B/w=
golang.org/x/crypto v0.0.0-20210322153248-0c34fe9e7dc2/go.mod h1:T9bdIzuCu7OtxOm1hfPfRQxPLYneinmdGuTeoZ9dtd4=
golang.org/x/net v0.0.0-20210226172049-e18ecbb05110/go.mod h1:m0MpNAwzfU5UDzcl9v0D8zg8gWTRqZa9RBIspLL5mdg=
golang.org/x/sys v0.0.0-20201119102817-f84b799fce68/go.mod h1:h1NjWce9XRLGQEsW7wpKNCjG9DtNlClVuFLEZdDNbEs=
golang.org/x/term v0.0.0-20201126162022-7de9c90e9dd1/go.mod h1:bj7SfCRtBDWHUb9snDiAeCFNEtKQo2Wmx5Cou7ajbmo=
golang.org/x/text v0.3.3/go.mod h1:5Zoc/QRtKVWzQhOtBMvqHzDpF6irO9z98xDceosuGiQ=
golang.org/x/tools v0.0.0-20180917221912-90fa682c2a6e/go.mod h1:n7NCudcB/nEzxVGmLbDWY5pfWTLqBcC2KZ6jyYvM4mQ=
